Microsoft Visual Studio Solution File, Format Version 12.00
# Visual Studio Version 17
VisualStudioVersion = 17.5.2.0
MinimumVisualStudioVersion = 10.0.40219.1
Project("{FAE04EC0-301F-11D3-BF4B-00C04F79EFBC}") = "PBImpact", "src\PBImpact.csproj", "{0814397D-F158-9D8A-6ABD-266B2365534E}"
EndProject
Project("{FAE04EC0-301F-11D3-BF4B-00C04F79EFBC}") = "PBImpact.Tests", "tests\PBImpact.Tests.csproj", "{C11F854F-3CAD-06C0-6426-2395436582F5}"
EndProject
Global
	GlobalSection(SolutionConfigurationPlatforms) = preSolution
		Debug|Any CPU = Debug|Any CPU
		Release|Any CPU = Release|Any CPU
	EndGlobalSection
	GlobalSection(ProjectConfigurationPlatforms) = postSolution
		{0814397D-F158-9D8A-6ABD-266B2365534E}.Debug|Any CPU.ActiveCfg = Debug|Any CPU
		{0814397D-F158-9D8A-6ABD-266B2365534E}.Debug|Any CPU.Build.0 = Debug|Any CPU
		{0814397D-F158-9D8A-6ABD-266B2365534E}.Release|Any CPU.ActiveCfg = Release|Any CPU
		{0814397D-F158-9D8A-6ABD-266B2365534E}.Release|Any CPU.Build.0 = Release|Any CPU
		{C11F854F-3CAD-06C0-6426-2395436582F5}.Debug|Any CPU.ActiveCfg = Debug|Any CPU
		{C11F854F-3CAD-06C0-6426-2395436582F5}.Debug|Any CPU.Build.0 = Debug|Any CPU
		{C11F854F-3CAD-06C0-6426-2395436582F5}.Release|Any CPU.ActiveCfg = Release|Any CPU
		{C11F854F-3CAD-06C0-6426-2395436582F5}.Release|Any CPU.Build.0 = Release|Any CPU
	EndGlobalSection
	GlobalSection(SolutionProperties) = preSolution
		HideSolutionNode = FALSE
	EndGlobalSection
	GlobalSection(ExtensibilityGlobals) = postSolution
		SolutionGuid = {4BAC9526-2E7C-40A6-A6AE-D622A35263BC}
	EndGlobalSection
EndGlobal
